// !$*UTF8*$!
{
	archiveVersion = 1;
	classes = {
	};
	objectVersion = 50;
	objects = {

/* Begin PBXBuildFile section */
		BC3173BE2590437400681CB5 /* AppDelegate.swift in Sources */ = {isa = PBXBuildFile; fileRef = BC3173BD2590437400681CB5 /* AppDelegate.swift */; };
		BC3173C02590437400681CB5 /* ViewController.swift in Sources */ = {isa = PBXBuildFile; fileRef = BC3173BF2590437400681CB5 /* ViewController.swift */; };
		BC3173C52590437400681CB5 /* Main.storyboard in Resources */ = {isa = PBXBuildFile; fileRef = BC3173C32590437400681CB5 /* Main.storyboard */; };
		BC3173C72590437500681CB5 /* Assets.xcassets in Resources */ = {isa = PBXBuildFile; fileRef = BC3173C62590437500681CB5 /* Assets.xcassets */; };
		BC3173CA2590437500681CB5 /* LaunchScreen.storyboard in Resources */ = {isa = PBXBuildFile; fileRef = BC3173C82590437500681CB5 /* LaunchScreen.storyboard */; };
		BC3173D3259043D700681CB5 /* TinyToyTank.rcproject in Sources */ = {isa = PBXBuildFile; fileRef = BC3173D2259043D700681CB5 /* TinyToyTank.rcproject */; };
/* End PBXBuildFile section */

/* Begin PBXFileReference section */
		BC3173BA2590437400681CB5 /* TinyToyTank.app */ = {isa = PBXFileReference; explicitFileType = wrapper.application; includeInIndex = 0; path = TinyToyTank.app; sourceTree = BUILT_PRODUCTS_DIR; };
		BC3173BD2590437400681CB5 /* AppDelegate.swift */ = {isa = PBXFileReference; lastKnownFileType = sourcecode.swift; path = AppDelegate.swift; sourceTree = "<group>"; };
		BC3173BF2590437400681CB5 /* ViewController.swift */ = {isa = PBXFileReference; lastKnownFileType = sourcecode.swift; path = ViewController.swift; sourceTree = "<group>"; };
		BC3173C42590437400681CB5 /* Base */ = {isa = PBXFileReference; lastKnownFileType = file.storyboard; name = Base; path = Base.lproj/Main.storyboard; sourceTree = "<group>"; };
		BC3173C62590437500681CB5 /* Assets.xcassets */ = {isa = PBXFileReference; lastKnownFileType = folder.assetcatalog; path = Assets.xcassets; sourceTree = "<group>"; };
		BC3173C92590437500681CB5 /* Base */ = {isa = PBXFileReference; lastKnownFileType = file.storyboard; name = Base; path = Base.lproj/LaunchScreen.storyboard; sourceTree = "<group>"; };
		BC3173CB2590437500681CB5 /* Info.plist */ = {isa = PBXFileReference; lastKnownFileType = text.plist.xml; path = Info.plist; sourceTree = "<group>"; };
		BC3173D2259043D700681CB5 /* TinyToyTank.rcproject */ = {isa = PBXFileReference; lastKnownFileType = file.rcproject; name = TinyToyTank.rcproject; path = resources/TinyToyTank/TinyToyTank.rcproject; sourceTree = SOURCE_ROOT; };
/* End PBXFileReference section */

/* Begin PBXFrameworksBuildPhase section */
		BC3173B72590437400681CB5 /* Frameworks */ = {
			isa = PBXFrameworksBuildPhase;
			buildActionMask = 2147483647;
			files = (
			);
			runOnlyForDeploymentPostprocessing = 0;
		};
/* End PBXFrameworksBuildPhase section */

/* Begin PBXGroup section */
		BC3173B12590437400681CB5 = {
			isa = PBXGroup;
			children = (
				BC3173BC2590437400681CB5 /* TinyToyTank */,
				BC3173BB2590437400681CB5 /* Products */,
			);
			sourceTree = "<group>";
		};
		BC3173BB2590437400681CB5 /* Products */ = {
			isa = PBXGroup;
			children = (
				BC3173BA2590437400681CB5 /* TinyToyTank.app */,
			);
			name = Products;
			sourceTree = "<group>";
		};
		BC3173BC2590437400681CB5 /* TinyToyTank */ = {
			isa = PBXGroup;
			children = (
				BC3173BD2590437400681CB5 /* AppDelegate.swift */,
				BC3173BF2590437400681CB5 /* ViewController.swift */,
				BC3173C32590437400681CB5 /* Main.storyboard */,
				BC3173C62590437500681CB5 /* Assets.xcassets */,
				BC3173D2259043D700681CB5 /* TinyToyTank.rcproject */,
				BC3173C82590437500681CB5 /* LaunchScreen.storyboard */,
				BC3173CB2590437500681CB5 /* Info.plist */,
			);
			path = TinyToyTank;
			sourceTree = "<group>";
		};
/* End PBXGroup section */

/* Begin PBXNativeTarget section */
		BC3173B92590437400681CB5 /* TinyToyTank */ = {
			isa = PBXNativeTarget;
			buildConfigurationList = BC3173CE2590437500681CB5 /* Build configuration list for PBXNativeTarget "TinyToyTank" */;
			buildPhases = (
				BC3173B62590437400681CB5 /* Sources */,
				BC3173B72590437400681CB5 /* Frameworks */,
				BC3173B82590437400681CB5 /* Resources */,
			);
			buildRules = (
			);
			dependencies = (
			);
			name = TinyToyTank;
			productName = TinyToyTank;
			productReference = BC3173BA2590437400681CB5 /* TinyToyTank.app */;
			productType = "com.apple.product-type.application";
		};
/* End PBXNativeTarget section */

/* Begin PBXProject section */
		BC3173B22590437400681CB5 /* Project object */ = {
			isa = PBXProject;
			attributes = {
				LastSwiftUpdateCheck = 1210;
				LastUpgradeCheck = 1210;
				TargetAttributes = {
					BC3173B92590437400681CB5 = {
						CreatedOnToolsVersion = 12.1;
					};
				};
			};
			buildConfigurationList = BC3173B52590437400681CB5 /* Build configuration list for PBXProject "TinyToyTank" */;
			compatibilityVersion = "Xcode 9.3";
			developmentRegion = en;
			hasScannedForEncodings = 0;
			knownRegions = (
				en,
				Base,
			);
			mainGroup = BC3173B12590437400681CB5;
			productRefGroup = BC3173BB2590437400681CB5 /* Products */;
			projectDirPath = "";
			projectRoot = "";
			targets = (
				BC3173B92590437400681CB5 /* TinyToyTank */,
			);
		};
/* End PBXProject section */

/* Begin PBXResourcesBuildPhase section */
		BC3173B82590437400681CB5 /* Resources */ = {
			isa = PBXResourcesBuildPhase;
			buildActionMask = 2147483647;
			files = (
				BC3173CA2590437500681CB5 /* LaunchScreen.storyboard in Resources */,
				BC3173C72590437500681CB5 /* Assets.xcassets in Resources */,
				BC3173C52590437400681CB5 /* Main.storyboard in Resources */,
			);
			runOnlyForDeploymentPostprocessing = 0;
		};
/* End PBXResourcesBuildPhase section */

/* Begin PBXSourcesBuildPhase section */
		BC3173B62590437400681CB5 /* Sources */ = {
			isa = PBXSourcesBuildPhase;
			buildActionMask = 2147483647;
			files = (
				BC3173C02590437400681CB5 /* ViewController.swift in Sources */,
				BC3173D3259043D700681CB5 /* TinyToyTank.rcproject in Sources */,
				BC3173BE2590437400681CB5 /* AppDelegate.swift in Sources */,
			);
			runOnlyForDeploymentPostprocessing = 0;
		};
/* End PBXSourcesBuildPhase section */

/* Begin PBXVariantGroup section */
		BC3173C32590437400681CB5 /* Main.storyboard */ = {
			isa = PBXVariantGroup;
			children = (
				BC3173C42590437400681CB5 /* Base */,
			);
			name = Main.storyboard;
			sourceTree = "<group>";
		};
		BC3173C82590437500681CB5 /* LaunchScreen.storyboard */ = {
			isa = PBXVariantGroup;
			children = (
				BC3173C92590437500681CB5 /* Base */,
			);
			name = LaunchScreen.storyboard;
			sourceTree = "<group>";
		};
/* End PBXVariantGroup section */

/* Begin XCBuildConfiguration section */
		BC3173CC2590437500681CB5 /* Debug */ = {
			isa = XCBuildConfiguration;
			buildSettings = {
				ALWAYS_SEARCH_USER_PATHS = NO;
				CLANG_ANALYZER_NONNULL = YES;
				CLANG_ANALYZER_NUMBER_OBJECT_CONVERSION = YES_AGGRESSIVE;
				CLANG_CXX_LANGUAGE_STANDARD = "gnu++14";
				CLANG_CXX_LIBRARY = "libc++";
				CLANG_ENABLE_MODULES = YES;
				CLANG_ENABLE_OBJC_ARC = YES;
				CLANG_ENABLE_OBJC_WEAK = YES;
				CLANG_WARN_BLOCK_CAPTURE_AUTORELEASING = YES;
				CLANG_WARN_BOOL_CONVERSION = YES;
				CLANG_WARN_COMMA = YES;
				CLANG_WARN_CONSTANT_CONVERSION = YES;
				CLANG_WARN_DEPRECATED_OBJC_IMPLEMENTATIONS = YES;
				CLANG_WARN_DIRECT_OBJC_ISA_USAGE = YES_ERROR;
				CLANG_WARN_DOCUMENTATION_COMMENTS = YES;
				CLANG_WARN_EMPTY_BODY = YES;
				CLANG_WARN_ENUM_CONVERSION = YES;
				CLANG_WARN_INFINITE_RECURSION = YES;
				CLANG_WARN_INT_CONVERSION = YES;
				CLANG_WARN_NON_LITERAL_NULL_CONVERSION = YES;
				CLANG_WARN_OBJC_IMPLICIT_RETAIN_SELF = YES;
				CLANG_WARN_OBJC_LITERAL_CONVERSION = YES;
				CLANG_WARN_OBJC_ROOT_CLASS = YES_ERROR;
				CLANG_WARN_QUOTED_INCLUDE_IN_FRAMEWORK_HEADER = YES;
				CLANG_WARN_RANGE_LOOP_ANALYSIS = YES;
				CLANG_WARN_STRICT_PROTOTYPES = YES;
				CLANG_WARN_SUSPICIOUS_MOVE = YES;
				CLANG_WARN_UNGUARDED_AVAILABILITY = YES_AGGRESSIVE;
				CLANG_WARN_UNREACHABLE_CODE = YES;
				CLANG_WARN__DUPLICATE_METHOD_MATCH = YES;
				COPY_PHASE_STRIP = NO;
				DEBUG_INFORMATION_FORMAT = dwarf;
				ENABLE_STRICT_OBJC_MSGSEND = YES;
				ENABLE_TESTABILITY = YES;
				GCC_C_LANGUAGE_STANDARD = gnu11;
				GCC_DYNAMIC_NO_PIC = NO;
				GCC_NO_COMMON_BLOCKS = YES;
				GCC_OPTIMIZATION_LEVEL = 0;
				GCC_PREPROCESSOR_DEFINITIONS = (
					"DEBUG=1",
					"$(inherited)",
				);
				GCC_WARN_64_TO_32_BIT_CONVERSION = YES;
				GCC_WARN_ABOUT_RETURN_TYPE = YES_ERROR;
				GCC_WARN_UNDECLARED_SELECTOR = YES;
				GCC_WARN_UNINITIALIZED_AUTOS = YES_AGGRESSIVE;
				GCC_WARN_UNUSED_FUNCTION = YES;
				GCC_WARN_UNUSED_VARIABLE = YES;
				IPHONEOS_DEPLOYMENT_TARGET = 14.1;
				MTL_ENABLE_DEBUG_INFO = INCLUDE_SOURCE;
				MTL_FAST_MATH = YES;
				ONLY_ACTIVE_ARCH = YES;
				SDKROOT = iphoneos;
				SWIFT_ACTIVE_COMPILATION_CONDITIONS = DEBUG;
				SWIFT_OPTIMIZATION_LEVEL = "-Onone";
			};
			name = Debug;
		};
		BC3173CD2590437500681CB5 /* Release */ = {
			isa = XCBuildConfiguration;
			buildSettings = {
				ALWAYS_SEARCH_USER_PATHS = NO;
				CLANG_ANALYZER_NONNULL = YES;
				CLANG_ANALYZER_NUMBER_OBJECT_CONVERSION = YES_AGGRESSIVE;
				CLANG_CXX_LANGUAGE_STANDARD = "gnu++14";
				CLANG_CXX_LIBRARY = "libc++";
				CLANG_ENABLE_MODULES = YES;
				CLANG_ENABLE_OBJC_ARC = YES;
				CLANG_ENABLE_OBJC_WEAK = YES;
				CLANG_WARN_BLOCK_CAPTURE_AUTORELEASING = YES;
				CLANG_WARN_BOOL_CONVERSION = YES;
				CLANG_WARN_COMMA = YES;
				CLANG_WARN_CONSTANT_CONVERSION = YES;
				CLANG_WARN_DEPRECATED_OBJC_IMPLEMENTATIONS = YES;
				CLANG_WARN_DIRECT_OBJC_ISA_USAGE = YES_ERROR;
				CLANG_WARN_DOCUMENTATION_COMMENTS = YES;
				CLANG_WARN_EMPTY_BODY = YES;
				CLANG_WARN_ENUM_CONVERSION = YES;
				CLANG_WARN_INFINITE_RECURSION = YES;
				CLANG_WARN_INT_CONVERSION = YES;
				CLANG_WARN_NON_LITERAL_NULL_CONVERSION = YES;
				CLANG_WARN_OBJC_IMPLICIT_RETAIN_SELF = YES;
				CLANG_WARN_OBJC_LITERAL_CONVERSION = YES;
				CLANG_WARN_OBJC_ROOT_CLASS = YES_ERROR;
				CLANG_WARN_QUOTED_INCLUDE_IN_FRAMEWORK_HEADER = YES;
				CLANG_WARN_RANGE_LOOP_ANALYSIS = YES;
				CLANG_WARN_STRICT_PROTOTYPES = YES;
				CLANG_WARN_SUSPICIOUS_MOVE = YES;
				CLANG_WARN_UNGUARDED_AVAILABILITY = YES_AGGRESSIVE;
				CLANG_WARN_UNREACHABLE_CODE = YES;
				CLANG_WARN__DUPLICATE_METHOD_MATCH = YES;
				COPY_PHASE_STRIP = NO;
				DEBUG_INFORMATION_FORMAT = "dwarf-with-dsym";
				ENABLE_NS_ASSERTIONS = NO;
				ENABLE_STRICT_OBJC_MSGSEND = YES;
				GCC_C_LANGUAGE_STANDARD = gnu11;
				GCC_NO_COMMON_BLOCKS = YES;
				GCC_WARN_64_TO_32_BIT_CONVERSION = YES;
				GCC_WARN_ABOUT_RETURN_TYPE = YES_ERROR;
				GCC_WARN_UNDECLARED_SELECTOR = YES;
				GCC_WARN_UNINITIALIZED_AUTOS = YES_AGGRESSIVE;
				GCC_WARN_UNUSED_FUNCTION = YES;
				GCC_WARN_UNUSED_VARIABLE = YES;
				IPHONEOS_DEPLOYMENT_TARGET = 14.1;
				MTL_ENABLE_DEBUG_INFO = NO;
				MTL_FAST_MATH = YES;
				SDKROOT = iphoneos;
				SWIFT_COMPILATION_MODE = wholemodule;
				SWIFT_OPTIMIZATION_LEVEL = "-O";
				VALIDATE_PRODUCT = YES;
			};
			name = Release;
		};
		BC3173CF2590437500681CB5 /* Debug */ = {
			isa = XCBuildConfiguration;
			buildSettings = {
				ASSETCATALOG_COMPILER_APPICON_NAME = AppIcon;
				ASSETCATALOG_COMPILER_GLOBAL_ACCENT_COLOR_NAME = AccentColor;
				CODE_SIGN_STYLE = Automatic;
				DEVELOPMENT_TEAM = M87P773NA5;
				INFOPLIST_FILE = TinyToyTank/Info.plist;
				LD_RUNPATH_SEARCH_PATHS = (
					"$(inherited)",
					"@executable_path/Frameworks",
				);
				PRODUCT_BUNDLE_IDENTIFIER = gc181860025.TinyToyTank;
				PRODUCT_NAME = "$(TARGET_NAME)";
				SWIFT_VERSION = 5.0;
				TARGETED_DEVICE_FAMILY = "1,2";
			};
			name = Debug;
		};
		BC3173D02590437500681CB5 /* Release */ = {
			isa = XCBuildConfiguration;
			buildSettings = {
				ASSETCATALOG_COMPILER_APPICON_NAME = AppIcon;
				ASSETCATALOG_COMPILER_GLOBAL_ACCENT_COLOR_NAME = AccentColor;
				CODE_SIGN_STYLE = Automatic;
				DEVELOPMENT_TEAM = M87P773NA5;
				INFOPLIST_FILE = TinyToyTank/Info.plist;
				LD_RUNPATH_SEARCH_PATHS = (
					"$(inherited)",
					"@executable_path/Frameworks",
				);
				PRODUCT_BUNDLE_IDENTIFIER = gc181860025.TinyToyTank;
				PRODUCT_NAME = "$(TARGET_NAME)";
				SWIFT_VERSION = 5.0;
				TARGETED_DEVICE_FAMILY = "1,2";
			};
			name = Release;
		};
/* End XCBuildConfiguration section */

/* Begin XCConfigurationList section */
		BC3173B52590437400681CB5 /* Build configuration list for PBXProject "TinyToyTank" */ = {
			isa = XCConfigurationList;
			buildConfigurations = (
				BC3173CC2590437500681CB5 /* Debug */,
				BC3173CD2590437500681CB5 /* Release */,
			);
			defaultConfigurationIsVisible = 0;
			defaultConfigurationName = Release;
		};
		BC3173CE2590437500681CB5 /* Build configuration list for PBXNativeTarget "TinyToyTank" */ = {
			isa = XCConfigurationList;
			buildConfigurations = (
				BC3173CF2590437500681CB5 /* Debug */,
				BC3173D02590437500681CB5 /* Release */,
			);
			defaultConfigurationIsVisible = 0;
			defaultConfigurationName = Release;
		};
/* End XCConfigurationList section */
	};
	rootObject = BC3173B22590437400681CB5 /* Project object */;
}
